// !$*UTF8*$!
{
	archiveVersion = 1;
	classes = {
	};
	objectVersion = 56;
	objects = {

/* Begin PBXBuildFile section */
		381D843B29F1CB74001DFB85 /* AppDelegate.swift in Sources */ = {isa = PBXBuildFile; fileRef = 381D843A29F1CB74001DFB85 /* AppDelegate.swift */; };
		381D843D29F1CB74001DFB85 /* SceneDelegate.swift in Sources */ = {isa = PBXBuildFile; fileRef = 381D843C29F1CB74001DFB85 /* SceneDelegate.swift */; };
		381D844229F1CB74001DFB85 /* Main.storyboard in Resources */ = {isa = PBXBuildFile; fileRef = 381D844029F1CB74001DFB85 /* Main.storyboard */; };
		381D844429F1CB76001DFB85 /* Assets.xcassets in Resources */ = {isa = PBXBuildFile; fileRef = 381D844329F1CB76001DFB85 /* Assets.xcassets */; };
		381D844729F1CB76001DFB85 /* LaunchScreen.storyboard in Resources */ = {isa = PBXBuildFile; fileRef = 381D844529F1CB76001DFB85 /* LaunchScreen.storyboard */; };
		381D844F29F1CCB3001DFB85 /* HomeViewController.swift in Sources */ = {isa = PBXBuildFile; fileRef = 381D844E29F1CCB3001DFB85 /* HomeViewController.swift */; };
		381D845129F1CCC7001DFB85 /* UploadImageViewController.swift in Sources */ = {isa = PBXBuildFile; fileRef = 381D845029F1CCC7001DFB85 /* UploadImageViewController.swift */; };
		381D845329F1D098001DFB85 /* UploadImageProtocol.swift in Sources */ = {isa = PBXBuildFile; fileRef = 381D845229F1D098001DFB85 /* UploadImageProtocol.swift */; };
		381D845529F1DBE7001DFB85 /* TabBarViewController.swift in Sources */ = {isa = PBXBuildFile; fileRef = 381D845429F1DBE7001DFB85 /* TabBarViewController.swift */; };
		381D845829F1ED1E001DFB85 /* TableViewCell.swift in Sources */ = {isa = PBXBuildFile; fileRef = 381D845629F1ED1E001DFB85 /* TableViewCell.swift */; };
		381D845929F1ED1E001DFB85 /* TableViewCell.xib in Resources */ = {isa = PBXBuildFile; fileRef = 381D845729F1ED1E001DFB85 /* TableViewCell.xib */; };
/* End PBXBuildFile section */

/* Begin PBXFileReference section */
		381D843729F1CB74001DFB85 /* InstaWithoutDBAndCloud.app */ = {isa = PBXFileReference; explicitFileType = wrapper.application; includeInIndex = 0; path = InstaWithoutDBAndCloud.app; sourceTree = BUILT_PRODUCTS_DIR; };
		381D843A29F1CB74001DFB85 /* AppDelegate.swift */ = {isa = PBXFileReference; lastKnownFileType = sourcecode.swift; path = AppDelegate.swift; sourceTree = "<group>"; };
		381D843C29F1CB74001DFB85 /* SceneDelegate.swift */ = {isa = PBXFileReference; lastKnownFileType = sourcecode.swift; path = SceneDelegate.swift; sourceTree = "<group>"; };
		381D844129F1CB74001DFB85 /* Base */ = {isa = PBXFileReference; lastKnownFileType = file.storyboard; name = Base; path = Base.lproj/Main.storyboard; sourceTree = "<group>"; };
		381D844329F1CB76001DFB85 /* Assets.xcassets */ = {isa = PBXFileReference; lastKnownFileType = folder.assetcatalog; path = Assets.xcassets; sourceTree = "<group>"; };
		381D844629F1CB76001DFB85 /* Base */ = {isa = PBXFileReference; lastKnownFileType = file.storyboard; name = Base; path = Base.lproj/LaunchScreen.storyboard; sourceTree = "<group>"; };
		381D844829F1CB76001DFB85 /* Info.plist */ = {isa = PBXFileReference; lastKnownFileType = text.plist.xml; path = Info.plist; sourceTree = "<group>"; };
		381D844E29F1CCB3001DFB85 /* HomeViewController.swift */ = {isa = PBXFileReference; lastKnownFileType = sourcecode.swift; path = HomeViewController.swift; sourceTree = "<group>"; };
		381D845029F1CCC7001DFB85 /* UploadImageViewController.swift */ = {isa = PBXFileReference; lastKnownFileType = sourcecode.swift; path = UploadImageViewController.swift; sourceTree = "<group>"; };
		381D845229F1D098001DFB85 /* UploadImageProtocol.swift */ = {isa = PBXFileReference; lastKnownFileType = sourcecode.swift; path = UploadImageProtocol.swift; sourceTree = "<group>"; };
		381D845429F1DBE7001DFB85 /* TabBarViewController.swift */ = {isa = PBXFileReference; lastKnownFileType = sourcecode.swift; path = TabBarViewController.swift; sourceTree = "<group>"; };
		381D845629F1ED1E001DFB85 /* TableViewCell.swift */ = {isa = PBXFileReference; lastKnownFileType = sourcecode.swift; path = TableViewCell.swift; sourceTree = "<group>"; };
		381D845729F1ED1E001DFB85 /* TableViewCell.xib */ = {isa = PBXFileReference; lastKnownFileType = file.xib; path = TableViewCell.xib; sourceTree = "<group>"; };
/* End PBXFileReference section */

/* Begin PBXFrameworksBuildPhase section */
		381D843429F1CB74001DFB85 /* Frameworks */ = {
			isa = PBXFrameworksBuildPhase;
			buildActionMask = 2147483647;
			files = (
			);
			runOnlyForDeploymentPostprocessing = 0;
		};
/* End PBXFrameworksBuildPhase section */

/* Begin PBXGroup section */
		381D842E29F1CB74001DFB85 = {
			isa = PBXGroup;
			children = (
				381D843929F1CB74001DFB85 /* InstaWithoutDBAndCloud */,
				381D843829F1CB74001DFB85 /* Products */,
			);
			sourceTree = "<group>";
		};
		381D843829F1CB74001DFB85 /* Products */ = {
			isa = PBXGroup;
			children = (
				381D843729F1CB74001DFB85 /* InstaWithoutDBAndCloud.app */,
			);
			name = Products;
			sourceTree = "<group>";
		};
		381D843929F1CB74001DFB85 /* InstaWithoutDBAndCloud */ = {
			isa = PBXGroup;
			children = (
				381D843A29F1CB74001DFB85 /* AppDelegate.swift */,
				381D845229F1D098001DFB85 /* UploadImageProtocol.swift */,
				381D843C29F1CB74001DFB85 /* SceneDelegate.swift */,
				381D844029F1CB74001DFB85 /* Main.storyboard */,
				381D844329F1CB76001DFB85 /* Assets.xcassets */,
				381D844529F1CB76001DFB85 /* LaunchScreen.storyboard */,
				381D844829F1CB76001DFB85 /* Info.plist */,
				381D844E29F1CCB3001DFB85 /* HomeViewController.swift */,
				381D845029F1CCC7001DFB85 /* UploadImageViewController.swift */,
				381D845429F1DBE7001DFB85 /* TabBarViewController.swift */,
				381D845629F1ED1E001DFB85 /* TableViewCell.swift */,
				381D845729F1ED1E001DFB85 /* TableViewCell.xib */,
			);
			path = InstaWithoutDBAndCloud;
			sourceTree = "<group>";
		};
/* End PBXGroup section */

/* Begin PBXNativeTarget section */
		381D843629F1CB74001DFB85 /* InstaWithoutDBAndCloud */ = {
			isa = PBXNativeTarget;
			buildConfigurationList = 381D844B29F1CB76001DFB85 /* Build configuration list for PBXNativeTarget "InstaWithoutDBAndCloud" */;
			buildPhases = (
				381D843329F1CB74001DFB85 /* Sources */,
				381D843429F1CB74001DFB85 /* Frameworks */,
				381D843529F1CB74001DFB85 /* Resources */,
			);
			buildRules = (
			);
			dependencies = (
			);
			name = InstaWithoutDBAndCloud;
			productName = InstaWithoutDBAndCloud;
			productReference = 381D843729F1CB74001DFB85 /* InstaWithoutDBAndCloud.app */;
			productType = "com.apple.product-type.application";
		};
/* End PBXNativeTarget section */

/* Begin PBXProject section */
		381D842F29F1CB74001DFB85 /* Project object */ = {
			isa = PBXProject;
			attributes = {
				BuildIndependentTargetsInParallel = 1;
				LastSwiftUpdateCheck = 1420;
				LastUpgradeCheck = 1420;
				TargetAttributes = {
					381D843629F1CB74001DFB85 = {
						CreatedOnToolsVersion = 14.2;
					};
				};
			};
			buildConfigurationList = 381D843229F1CB74001DFB85 /* Build configuration list for PBXProject "InstaWithoutDBAndCloud" */;
			compatibilityVersion = "Xcode 14.0";
			developmentRegion = en;
			hasScannedForEncodings = 0;
			knownRegions = (
				en,
				Base,
			);
			mainGroup = 381D842E29F1CB74001DFB85;
			productRefGroup = 381D843829F1CB74001DFB85 /* Products */;
			projectDirPath = "";
			projectRoot = "";
			targets = (
				381D843629F1CB74001DFB85 /* InstaWithoutDBAndCloud */,
			);
		};
/* End PBXProject section */

/* Begin PBXResourcesBuildPhase section */
		381D843529F1CB74001DFB85 /* Resources */ = {
			isa = PBXResourcesBuildPhase;
			buildActionMask = 2147483647;
			files = (
				381D844729F1CB76001DFB85 /* LaunchScreen.storyboard in Resources */,
				381D845929F1ED1E001DFB85 /* TableViewCell.xib in Resources */,
				381D844429F1CB76001DFB85 /* Assets.xcassets in Resources */,
				381D844229F1CB74001DFB85 /* Main.storyboard in Resources */,
			);
			runOnlyForDeploymentPostprocessing = 0;
		};
/* End PBXResourcesBuildPhase section */

/* Begin PBXSourcesBuildPhase section */
		381D843329F1CB74001DFB85 /* Sources */ = {
			isa = PBXSourcesBuildPhase;
			buildActionMask = 2147483647;
			files = (
				381D843B29F1CB74001DFB85 /* AppDelegate.swift in Sources */,
				381D845129F1CCC7001DFB85 /* UploadImageViewController.swift in Sources */,
				381D845329F1D098001DFB85 /* UploadImageProtocol.swift in Sources */,
				381D843D29F1CB74001DFB85 /* SceneDelegate.swift in Sources */,
				381D845529F1DBE7001DFB85 /* TabBarViewController.swift in Sources */,
				381D845829F1ED1E001DFB85 /* TableViewCell.swift in Sources */,
				381D844F29F1CCB3001DFB85 /* HomeViewController.swift in Sources */,
			);
			runOnlyForDeploymentPostprocessing = 0;
		};
/* End PBXSourcesBuildPhase section */

/* Begin PBXVariantGroup section */
		381D844029F1CB74001DFB85 /* Main.storyboard */ = {
			isa = PBXVariantGroup;
			children = (
				381D844129F1CB74001DFB85 /* Base */,
			);
			name = Main.storyboard;
			sourceTree = "<group>";
		};
		381D844529F1CB76001DFB85 /* LaunchScreen.storyboard */ = {
			isa = PBXVariantGroup;
			children = (
				381D844629F1CB76001DFB85 /* Base */,
			);
			name = LaunchScreen.storyboard;
			sourceTree = "<group>";
		};
/* End PBXVariantGroup section */

/* Begin XCBuildConfiguration section */
		381D844929F1CB76001DFB85 /* Debug */ = {
			isa = XCBuildConfiguration;
			buildSettings = {
				ALWAYS_SEARCH_USER_PATHS = NO;
				CLANG_ANALYZER_NONNULL = YES;
				CLANG_ANALYZER_NUMBER_OBJECT_CONVERSION = YES_AGGRESSIVE;
				CLANG_CXX_LANGUAGE_STANDARD = "gnu++20";
				CLANG_ENABLE_MODULES = YES;
				CLANG_ENABLE_OBJC_ARC = YES;
				CLANG_ENABLE_OBJC_WEAK = YES;
				CLANG_WARN_BLOCK_CAPTURE_AUTORELEASING = YES;
				CLANG_WARN_BOOL_CONVERSION = YES;
				CLANG_WARN_COMMA = YES;
				CLANG_WARN_CONSTANT_CONVERSION = YES;
				CLANG_WARN_DEPRECATED_OBJC_IMPLEMENTATIONS = YES;
				CLANG_WARN_DIRECT_OBJC_ISA_USAGE = YES_ERROR;
				CLANG_WARN_DOCUMENTATION_COMMENTS = YES;
				CLANG_WARN_EMPTY_BODY = YES;
				CLANG_WARN_ENUM_CONVERSION = YES;
				CLANG_WARN_INFINITE_RECURSION = YES;
				CLANG_WARN_INT_CONVERSION = YES;
				CLANG_WARN_NON_LITERAL_NULL_CONVERSION = YES;
				CLANG_WARN_OBJC_IMPLICIT_RETAIN_SELF = YES;
				CLANG_WARN_OBJC_LITERAL_CONVERSION = YES;
				CLANG_WARN_OBJC_ROOT_CLASS = YES_ERROR;
				CLANG_WARN_QUOTED_INCLUDE_IN_FRAMEWORK_HEADER = YES;
				CLANG_WARN_RANGE_LOOP_ANALYSIS = YES;
				CLANG_WARN_STRICT_PROTOTYPES = YES;
				CLANG_WARN_SUSPICIOUS_MOVE = YES;
				CLANG_WARN_UNGUARDED_AVAILABILITY = YES_AGGRESSIVE;
				CLANG_WARN_UNREACHABLE_CODE = YES;
				CLANG_WARN__DUPLICATE_METHOD_MATCH = YES;
				COPY_PHASE_STRIP = NO;
				DEBUG_INFORMATION_FORMAT = dwarf;
				ENABLE_STRICT_OBJC_MSGSEND = YES;
				ENABLE_TESTABILITY = YES;
				GCC_C_LANGUAGE_STANDARD = gnu11;
				GCC_DYNAMIC_NO_PIC = NO;
				GCC_NO_COMMON_BLOCKS = YES;
				GCC_OPTIMIZATION_LEVEL = 0;
				GCC_PREPROCESSOR_DEFINITIONS = (
					"DEBUG=1",
					"$(inherited)",
				);
				GCC_WARN_64_TO_32_BIT_CONVERSION = YES;
				GCC_WARN_ABOUT_RETURN_TYPE = YES_ERROR;
				GCC_WARN_UNDECLARED_SELECTOR = YES;
				GCC_WARN_UNINITIALIZED_AUTOS = YES_AGGRESSIVE;
				GCC_WARN_UNUSED_FUNCTION = YES;
				GCC_WARN_UNUSED_VARIABLE = YES;
				IPHONEOS_DEPLOYMENT_TARGET = 15.0;
				MTL_ENABLE_DEBUG_INFO = INCLUDE_SOURCE;
				MTL_FAST_MATH = YES;
				ONLY_ACTIVE_ARCH = YES;
				SDKROOT = iphoneos;
				SWIFT_ACTIVE_COMPILATION_CONDITIONS = DEBUG;
				SWIFT_OPTIMIZATION_LEVEL = "-Onone";
			};
			name = Debug;
		};
		381D844A29F1CB76001DFB85 /* Release */ = {
			isa = XCBuildConfiguration;
			buildSettings = {
				ALWAYS_SEARCH_USER_PATHS = NO;
				CLANG_ANALYZER_NONNULL = YES;
				CLANG_ANALYZER_NUMBER_OBJECT_CONVERSION = YES_AGGRESSIVE;
				CLANG_CXX_LANGUAGE_STANDARD = "gnu++20";
				CLANG_ENABLE_MODULES = YES;
				CLANG_ENABLE_OBJC_ARC = YES;
				CLANG_ENABLE_OBJC_WEAK = YES;
				CLANG_WARN_BLOCK_CAPTURE_AUTORELEASING = YES;
				CLANG_WARN_BOOL_CONVERSION = YES;
				CLANG_WARN_COMMA = YES;
				CLANG_WARN_CONSTANT_CONVERSION = YES;
				CLANG_WARN_DEPRECATED_OBJC_IMPLEMENTATIONS = YES;
				CLANG_WARN_DIRECT_OBJC_ISA_USAGE = YES_ERROR;
				CLANG_WARN_DOCUMENTATION_COMMENTS = YES;
				CLANG_WARN_EMPTY_BODY = YES;
				CLANG_WARN_ENUM_CONVERSION = YES;
				CLANG_WARN_INFINITE_RECURSION = YES;
				CLANG_WARN_INT_CONVERSION = YES;
				CLANG_WARN_NON_LITERAL_NULL_CONVERSION = YES;
				CLANG_WARN_OBJC_IMPLICIT_RETAIN_SELF = YES;
				CLANG_WARN_OBJC_LITERAL_CONVERSION = YES;
				CLANG_WARN_OBJC_ROOT_CLASS = YES_ERROR;
				CLANG_WARN_QUOTED_INCLUDE_IN_FRAMEWORK_HEADER = YES;
				CLANG_WARN_RANGE_LOOP_ANALYSIS = YES;
				CLANG_WARN_STRICT_PROTOTYPES = YES;
				CLANG_WARN_SUSPICIOUS_MOVE = YES;
				CLANG_WARN_UNGUARDED_AVAILABILITY = YES_AGGRESSIVE;
				CLANG_WARN_UNREACHABLE_CODE = YES;
				CLANG_WARN__DUPLICATE_METHOD_MATCH = YES;
				COPY_PHASE_STRIP = NO;
				DEBUG_INFORMATION_FORMAT = "dwarf-with-dsym";
				ENABLE_NS_ASSERTIONS = NO;
				ENABLE_STRICT_OBJC_MSGSEND = YES;
				GCC_C_LANGUAGE_STANDARD = gnu11;
				GCC_NO_COMMON_BLOCKS = YES;
				GCC_WARN_64_TO_32_BIT_CONVERSION = YES;
				GCC_WARN_ABOUT_RETURN_TYPE = YES_ERROR;
				GCC_WARN_UNDECLARED_SELECTOR = YES;
				GCC_WARN_UNINITIALIZED_AUTOS = YES_AGGRESSIVE;
				GCC_WARN_UNUSED_FUNCTION = YES;
				GCC_WARN_UNUSED_VARIABLE = YES;
				IPHONEOS_DEPLOYMENT_TARGET = 15.0;
				MTL_ENABLE_DEBUG_INFO = NO;
				MTL_FAST_MATH = YES;
				SDKROOT = iphoneos;
				SWIFT_COMPILATION_MODE = wholemodule;
				SWIFT_OPTIMIZATION_LEVEL = "-O";
				VALIDATE_PRODUCT = YES;
			};
			name = Release;
		};
		381D844C29F1CB76001DFB85 /* Debug */ = {
			isa = XCBuildConfiguration;
			buildSettings = {
				ASSETCATALOG_COMPILER_APPICON_NAME = AppIcon;
				ASSETCATALOG_COMPILER_GLOBAL_ACCENT_COLOR_NAME = AccentColor;
				CODE_SIGN_STYLE = Automatic;
				CURRENT_PROJECT_VERSION = 1;
				DEVELOPMENT_TEAM = JTL66Z7T74;
				GENERATE_INFOPLIST_FILE = YES;
				INFOPLIST_FILE = InstaWithoutDBAndCloud/Info.plist;
				INFOPLIST_KEY_UIApplicationSupportsIndirectInputEvents = YES;
				INFOPLIST_KEY_UILaunchStoryboardName = LaunchScreen;
				INFOPLIST_KEY_UIMainStoryboardFile = Main;
				INFOPLIST_KEY_UISupportedInterfaceOrientations_iPad = "UIInterfaceOrientationPortrait UIInterfaceOrientationPortraitUpsideDown UIInterfaceOrientationLandscapeLeft UIInterfaceOrientationLandscapeRight";
				INFOPLIST_KEY_UISupportedInterfaceOrientations_iPhone = "UIInterfaceOrientationPortrait UIInterfaceOrientationLandscapeLeft UIInterfaceOrientationLandscapeRight";
				IPHONEOS_DEPLOYMENT_TARGET = 15.0;
				LD_RUNPATH_SEARCH_PATHS = (
					"$(inherited)",
					"@executable_path/Frameworks",
				);
				MARKETING_VERSION = 1.0;
				PRODUCT_BUNDLE_IDENTIFIER = edu.northeastern.xiaohan.InstaWithoutDBAndCloud;
				PRODUCT_NAME = "$(TARGET_NAME)";
				SWIFT_EMIT_LOC_STRINGS = YES;
				SWIFT_VERSION = 5.0;
				TARGETED_DEVICE_FAMILY = "1,2";
			};
			name = Debug;
		};
		381D844D29F1CB76001DFB85 /* Release */ = {
			isa = XCBuildConfiguration;
			buildSettings = {
				ASSETCATALOG_COMPILER_APPICON_NAME = AppIcon;
				ASSETCATALOG_COMPILER_GLOBAL_ACCENT_COLOR_NAME = AccentColor;
				CODE_SIGN_STYLE = Automatic;
				CURRENT_PROJECT_VERSION = 1;
				DEVELOPMENT_TEAM = JTL66Z7T74;
				GENERATE_INFOPLIST_FILE = YES;
				INFOPLIST_FILE = InstaWithoutDBAndCloud/Info.plist;
				INFOPLIST_KEY_UIApplicationSupportsIndirectInputEvents = YES;
				INFOPLIST_KEY_UILaunchStoryboardName = LaunchScreen;
				INFOPLIST_KEY_UIMainStoryboardFile = Main;
				INFOPLIST_KEY_UISupportedInterfaceOrientations_iPad = "UIInterfaceOrientationPortrait UIInterfaceOrientationPortraitUpsideDown UIInterfaceOrientationLandscapeLeft UIInterfaceOrientationLandscapeRight";
				INFOPLIST_KEY_UISupportedInterfaceOrientations_iPhone = "UIInterfaceOrientationPortrait UIInterfaceOrientationLandscapeLeft UIInterfaceOrientationLandscapeRight";
				IPHONEOS_DEPLOYMENT_TARGET = 15.0;
				LD_RUNPATH_SEARCH_PATHS = (
					"$(inherited)",
					"@executable_path/Frameworks",
				);
				MARKETING_VERSION = 1.0;
				PRODUCT_BUNDLE_IDENTIFIER = edu.northeastern.xiaohan.InstaWithoutDBAndCloud;
				PRODUCT_NAME = "$(TARGET_NAME)";
				SWIFT_EMIT_LOC_STRINGS = YES;
				SWIFT_VERSION = 5.0;
				TARGETED_DEVICE_FAMILY = "1,2";
			};
			name = Release;
		};
/* End XCBuildConfiguration section */

/* Begin XCConfigurationList section */
		381D843229F1CB74001DFB85 /* Build configuration list for PBXProject "InstaWithoutDBAndCloud" */ = {
			isa = XCConfigurationList;
			buildConfigurations = (
				381D844929F1CB76001DFB85 /* Debug */,
				381D844A29F1CB76001DFB85 /* Release */,
			);
			defaultConfigurationIsVisible = 0;
			defaultConfigurationName = Release;
		};
		381D844B29F1CB76001DFB85 /* Build configuration list for PBXNativeTarget "InstaWithoutDBAndCloud" */ = {
			isa = XCConfigurationList;
			buildConfigurations = (
				381D844C29F1CB76001DFB85 /* Debug */,
				381D844D29F1CB76001DFB85 /* Release */,
			);
			defaultConfigurationIsVisible = 0;
			defaultConfigurationName = Release;
		};
/* End XCConfigurationList section */
	};
	rootObject = 381D842F29F1CB74001DFB85 /* Project object */;
}
